
Microsoft Visual Studio Solution File, Format Version 12.00
# Visual Studio Version 16
VisualStudioVersion = 16.0.30320.27
MinimumVisualStudioVersion = 10.0.40219.1
Project("{FAE04EC0-301F-11D3-BF4B-00C04F79EFBC}") = "Macroscop_FaceDB_Importer", "Macroscop_FaceDB_Importer.csproj", "{25982F6F-3EE0-466E-9FFA-7205B8EA0850}"
EndProject
Global
	GlobalSection(SolutionConfigurationPlatforms) = preSolution
		Debug|Any CPU = Debug|Any CPU
		Release|Any CPU = Release|Any CPU
	EndGlobalSection
	GlobalSection(ProjectConfigurationPlatforms) = postSolution
		{25982F6F-3EE0-466E-9FFA-7205B8EA0850}.Debug|Any CPU.ActiveCfg = Debug|Any CPU
		{25982F6F-3EE0-466E-9FFA-7205B8EA0850}.Debug|Any CPU.Build.0 = Debug|Any CPU
		{25982F6F-3EE0-466E-9FFA-7205B8EA0850}.Release|Any CPU.ActiveCfg = Release|Any CPU
		{25982F6F-3EE0-466E-9FFA-7205B8EA0850}.Release|Any CPU.Build.0 = Release|Any CPU
	EndGlobalSection
	GlobalSection(SolutionProperties) = preSolution
		HideSolutionNode = FALSE
	EndGlobalSection
	GlobalSection(ExtensibilityGlobals) = postSolution
		SolutionGuid = {930C7857-55F1-4191-910E-3491E82D0B79}
	EndGlobalSection
EndGlobal
